
Microsoft Visual Studio Solution File, Format Version 12.00
# Visual Studio Version 17
VisualStudioVersion = 17.13.35913.81 d17.13
MinimumVisualStudioVersion = 10.0.40219.1
Project("{FAE04EC0-301F-11D3-BF4B-00C04F79EFBC}") = "Algoritmo4", "Algoritmo4\Algoritmo4.csproj", "{A445416C-FDC4-4FCD-A6FB-FB7E283781CF}"
EndProject
Global
	GlobalSection(SolutionConfigurationPlatforms) = preSolution
		Debug|Any CPU = Debug|Any CPU
		Release|Any CPU = Release|Any CPU
	EndGlobalSection
	GlobalSection(ProjectConfigurationPlatforms) = postSolution
		{A445416C-FDC4-4FCD-A6FB-FB7E283781CF}.Debug|Any CPU.ActiveCfg = Debug|Any CPU
		{A445416C-FDC4-4FCD-A6FB-FB7E283781CF}.Debug|Any CPU.Build.0 = Debug|Any CPU
		{A445416C-FDC4-4FCD-A6FB-FB7E283781CF}.Release|Any CPU.ActiveCfg = Release|Any CPU
		{A445416C-FDC4-4FCD-A6FB-FB7E283781CF}.Release|Any CPU.Build.0 = Release|Any CPU
	EndGlobalSection
	GlobalSection(SolutionProperties) = preSolution
		HideSolutionNode = FALSE
	EndGlobalSection
	GlobalSection(ExtensibilityGlobals) = postSolution
		SolutionGuid = {425DC40A-65FB-405B-A0EF-50CCD8603A60}
	EndGlobalSection
EndGlobal
